// !$*UTF8*$!
{
	archiveVersion = 1;
	classes = {
	};
	objectVersion = 50;
	objects = {

/* Begin PBXBuildFile section */
		BA0E014D215FEBC2000C940C /* AppDelegate.swift in Sources */ = {isa = PBXBuildFile; fileRef = BA0E014C215FEBC2000C940C /* AppDelegate.swift */; };
		BA0E0152215FEBC2000C940C /* Main.storyboard in Resources */ = {isa = PBXBuildFile; fileRef = BA0E0150215FEBC2000C940C /* Main.storyboard */; };
		BA0E0157215FEBC3000C940C /* LaunchScreen.storyboard in Resources */ = {isa = PBXBuildFile; fileRef = BA0E0155215FEBC3000C940C /* LaunchScreen.storyboard */; };
		BA2634B521721B2200BBB226 /* FilterItem.swift in Sources */ = {isa = PBXBuildFile; fileRef = BA2634B421721B2200BBB226 /* FilterItem.swift */; };
		BA2634B721721BA800BBB226 /* FilterManager.swift in Sources */ = {isa = PBXBuildFile; fileRef = BA2634B621721BA800BBB226 /* FilterManager.swift */; };
		BA2634B921721D6C00BBB226 /* ImageFiltering.swift in Sources */ = {isa = PBXBuildFile; fileRef = BA2634B821721D6C00BBB226 /* ImageFiltering.swift */; };
		BA2634BB217220CB00BBB226 /* PhotoItem.swift in Sources */ = {isa = PBXBuildFile; fileRef = BA2634BA217220CB00BBB226 /* PhotoItem.swift */; };
		BA2634BD2172249F00BBB226 /* FilterCell.swift in Sources */ = {isa = PBXBuildFile; fileRef = BA2634BC2172249F00BBB226 /* FilterCell.swift */; };
		BA2634BF217226EC00BBB226 /* PhotoFilterViewController.swift in Sources */ = {isa = PBXBuildFile; fileRef = BA2634BE217226EC00BBB226 /* PhotoFilterViewController.swift */; };
		BA4CD922216CD63400256B4B /* Map.storyboard in Resources */ = {isa = PBXBuildFile; fileRef = BA4CD920216CD63400256B4B /* Map.storyboard */; };
		BA4CD924216CD6B600256B4B /* Explore.storyboard in Resources */ = {isa = PBXBuildFile; fileRef = BA4CD923216CD6B600256B4B /* Explore.storyboard */; };
		BA4CD926216CD70E00256B4B /* Locations.storyboard in Resources */ = {isa = PBXBuildFile; fileRef = BA4CD925216CD70E00256B4B /* Locations.storyboard */; };
		BA4CD928216CD76100256B4B /* Restaurants.storyboard in Resources */ = {isa = PBXBuildFile; fileRef = BA4CD927216CD76100256B4B /* Restaurants.storyboard */; };
		BA4CD92A216CD7DA00256B4B /* RestaurantDetail.storyboard in Resources */ = {isa = PBXBuildFile; fileRef = BA4CD929216CD7DA00256B4B /* RestaurantDetail.storyboard */; };
		BA4CD92C216CD80700256B4B /* PhotoFilter.storyboard in Resources */ = {isa = PBXBuildFile; fileRef = BA4CD92B216CD80700256B4B /* PhotoFilter.storyboard */; };
		BA4CD92E216CD83A00256B4B /* ReviewForm.storyboard in Resources */ = {isa = PBXBuildFile; fileRef = BA4CD92D216CD83A00256B4B /* ReviewForm.storyboard */; };
		BA4CD933216CFE3A00256B4B /* ExploreViewController.swift in Sources */ = {isa = PBXBuildFile; fileRef = BA4CD932216CFE3A00256B4B /* ExploreViewController.swift */; };
		BA4CD935216D134A00256B4B /* ExploreData.plist in Resources */ = {isa = PBXBuildFile; fileRef = BA4CD934216D134900256B4B /* ExploreData.plist */; };
		BA4CD937216D13B300256B4B /* ExploreItem.swift in Sources */ = {isa = PBXBuildFile; fileRef = BA4CD936216D13B300256B4B /* ExploreItem.swift */; };
		BA4CD939216D184000256B4B /* ExploreDataManager.swift in Sources */ = {isa = PBXBuildFile; fileRef = BA4CD938216D184000256B4B /* ExploreDataManager.swift */; };
		BA4CD93F216DBD0C00256B4B /* ExploreCell.swift in Sources */ = {isa = PBXBuildFile; fileRef = BA4CD93E216DBD0C00256B4B /* ExploreCell.swift */; };
		BA4CD941216DCAF900256B4B /* RestaurantViewController.swift in Sources */ = {isa = PBXBuildFile; fileRef = BA4CD940216DCAF900256B4B /* RestaurantViewController.swift */; };
		BA4CD945216E42AE00256B4B /* LocationViewController.swift in Sources */ = {isa = PBXBuildFile; fileRef = BA4CD944216E42AE00256B4B /* LocationViewController.swift */; };
		BA4CD94B216E468B00256B4B /* Locations.plist in Resources */ = {isa = PBXBuildFile; fileRef = BA4CD94A216E468B00256B4B /* Locations.plist */; };
		BA4CD94D216E549600256B4B /* LocationDataManager.swift in Sources */ = {isa = PBXBuildFile; fileRef = BA4CD94C216E549600256B4B /* LocationDataManager.swift */; };
		BA4CD959216E5C1A00256B4B /* RestaurantItem.swift in Sources */ = {isa = PBXBuildFile; fileRef = BA4CD958216E5C1A00256B4B /* RestaurantItem.swift */; };
		BA4CD95B216E605900256B4B /* MapDataManager.swift in Sources */ = {isa = PBXBuildFile; fileRef = BA4CD95A216E605900256B4B /* MapDataManager.swift */; };
		BA4CD95D216E660300256B4B /* DataManager.swift in Sources */ = {isa = PBXBuildFile; fileRef = BA4CD95C216E660300256B4B /* DataManager.swift */; };
		BA4CD961216E68EB00256B4B /* MapViewController.swift in Sources */ = {isa = PBXBuildFile; fileRef = BA4CD960216E68EB00256B4B /* MapViewController.swift */; };
		BA4CD963216E6CBD00256B4B /* MapLocations.plist in Resources */ = {isa = PBXBuildFile; fileRef = BA4CD962216E6CBD00256B4B /* MapLocations.plist */; };
		BA4CD965216F3E2F00256B4B /* Segue.swift in Sources */ = {isa = PBXBuildFile; fileRef = BA4CD964216F3E2F00256B4B /* Segue.swift */; };
		BA4CD969216F40DE00256B4B /* RestaurantDetailViewController.swift in Sources */ = {isa = PBXBuildFile; fileRef = BA4CD968216F40DE00256B4B /* RestaurantDetailViewController.swift */; };
		BA4CD979216F568D00256B4B /* San Antonio.json in Resources */ = {isa = PBXBuildFile; fileRef = BA4CD96B216F568B00256B4B /* San Antonio.json */; };
		BA4CD97A216F568D00256B4B /* Las Vegas.json in Resources */ = {isa = PBXBuildFile; fileRef = BA4CD96C216F568C00256B4B /* Las Vegas.json */; };
		BA4CD97B216F568D00256B4B /* San Francisco.json in Resources */ = {isa = PBXBuildFile; fileRef = BA4CD96D216F568C00256B4B /* San Francisco.json */; };
		BA4CD97C216F568D00256B4B /* Los Angeles.json in Resources */ = {isa = PBXBuildFile; fileRef = BA4CD96E216F568C00256B4B /* Los Angeles.json */; };
		BA4CD97D216F568D00256B4B /* Aspen.json in Resources */ = {isa = PBXBuildFile; fileRef = BA4CD96F216F568C00256B4B /* Aspen.json */; };
		BA4CD97E216F568D00256B4B /* Miami.json in Resources */ = {isa = PBXBuildFile; fileRef = BA4CD970216F568C00256B4B /* Miami.json */; };
		BA4CD97F216F568D00256B4B /* New York.json in Resources */ = {isa = PBXBuildFile; fileRef = BA4CD971216F568C00256B4B /* New York.json */; };
		BA4CD980216F568D00256B4B /* Boston.json in Resources */ = {isa = PBXBuildFile; fileRef = BA4CD972216F568C00256B4B /* Boston.json */; };
		BA4CD981216F568D00256B4B /* Charleston.json in Resources */ = {isa = PBXBuildFile; fileRef = BA4CD973216F568C00256B4B /* Charleston.json */; };
		BA4CD982216F568D00256B4B /* Portland.json in Resources */ = {isa = PBXBuildFile; fileRef = BA4CD974216F568C00256B4B /* Portland.json */; };
		BA4CD983216F568D00256B4B /* Philadelphia.json in Resources */ = {isa = PBXBuildFile; fileRef = BA4CD975216F568C00256B4B /* Philadelphia.json */; };
		BA4CD984216F568D00256B4B /* New Orleans.json in Resources */ = {isa = PBXBuildFile; fileRef = BA4CD976216F568D00256B4B /* New Orleans.json */; };
		BA4CD985216F568D00256B4B /* Houston.json in Resources */ = {isa = PBXBuildFile; fileRef = BA4CD977216F568D00256B4B /* Houston.json */; };
		BA4CD986216F568D00256B4B /* Chicago.json in Resources */ = {isa = PBXBuildFile; fileRef = BA4CD978216F568D00256B4B /* Chicago.json */; };
		BA4CD988216F57F500256B4B /* RestaurantAPIManager.swift in Sources */ = {isa = PBXBuildFile; fileRef = BA4CD987216F57F500256B4B /* RestaurantAPIManager.swift */; };
		BA4CD98A216F625700256B4B /* ExploreHeaderView.swift in Sources */ = {isa = PBXBuildFile; fileRef = BA4CD989216F625700256B4B /* ExploreHeaderView.swift */; };
		BA4CD98C216F9E7200256B4B /* LocationItem.swift in Sources */ = {isa = PBXBuildFile; fileRef = BA4CD98B216F9E7200256B4B /* LocationItem.swift */; };
		BA5BF9AD2171E91000E652AB /* ReviewFormViewController.swift in Sources */ = {isa = PBXBuildFile; fileRef = BA5BF9AC2171E91000E652AB /* ReviewFormViewController.swift */; };
		BA5BF9AF2171EF7100E652AB /* FilterData.plist in Resources */ = {isa = PBXBuildFile; fileRef = BA5BF9AE2171EF7100E652AB /* FilterData.plist */; };
		BA72C5E62167C85E002503B4 /* Assets.xcassets in Resources */ = {isa = PBXBuildFile; fileRef = BA72C5E52167C85E002503B4 /* Assets.xcassets */; };
		BAA43088216FA8B10095057E /* RestaurantCell.swift in Sources */ = {isa = PBXBuildFile; fileRef = BAA43087216FA8B10095057E /* RestaurantCell.swift */; };
		BAA4308A216FAAC00095057E /* RestaurantDataManager.swift in Sources */ = {isa = PBXBuildFile; fileRef = BAA43089216FAAC00095057E /* RestaurantDataManager.swift */; };
		BAA4308D216FAD220095057E /* NoDataView.swift in Sources */ = {isa = PBXBuildFile; fileRef = BAA4308C216FAD220095057E /* NoDataView.swift */; };
		BAA4308F216FAD4C0095057E /* NoDataView.xib in Resources */ = {isa = PBXBuildFile; fileRef = BAA4308E216FAD4C0095057E /* NoDataView.xib */; };
		BAA430912170C6CD0095057E /* RatingsView.swift in Sources */ = {isa = PBXBuildFile; fileRef = BAA430902170C6CD0095057E /* RatingsView.swift */; };
/* End PBXBuildFile section */

/* Begin PBXFileReference section */
		BA0E0149215FEBC2000C940C /* LetsEat.app */ = {isa = PBXFileReference; explicitFileType = wrapper.application; includeInIndex = 0; path = LetsEat.app; sourceTree = BUILT_PRODUCTS_DIR; };
		BA0E014C215FEBC2000C940C /* AppDelegate.swift */ = {isa = PBXFileReference; lastKnownFileType = sourcecode.swift; path = AppDelegate.swift; sourceTree = "<group>"; };
		BA0E0151215FEBC2000C940C /* Base */ = {isa = PBXFileReference; lastKnownFileType = file.storyboard; name = Base; path = Base.lproj/Main.storyboard; sourceTree = "<group>"; };
		BA0E0156215FEBC3000C940C /* Base */ = {isa = PBXFileReference; lastKnownFileType = file.storyboard; name = Base; path = Base.lproj/LaunchScreen.storyboard; sourceTree = "<group>"; };
		BA0E0158215FEBC3000C940C /* Info.plist */ = {isa = PBXFileReference; lastKnownFileType = text.plist.xml; path = Info.plist; sourceTree = "<group>"; };
		BA2634B421721B2200BBB226 /* FilterItem.swift */ = {isa = PBXFileReference; lastKnownFileType = sourcecode.swift; path = FilterItem.swift; sourceTree = "<group>"; };
		BA2634B621721BA800BBB226 /* FilterManager.swift */ = {isa = PBXFileReference; lastKnownFileType = sourcecode.swift; path = FilterManager.swift; sourceTree = "<group>"; };
		BA2634B821721D6C00BBB226 /* ImageFiltering.swift */ = {isa = PBXFileReference; lastKnownFileType = sourcecode.swift; path = ImageFiltering.swift; sourceTree = "<group>"; };
		BA2634BA217220CB00BBB226 /* PhotoItem.swift */ = {isa = PBXFileReference; lastKnownFileType = sourcecode.swift; path = PhotoItem.swift; sourceTree = "<group>"; };
		BA2634BC2172249F00BBB226 /* FilterCell.swift */ = {isa = PBXFileReference; lastKnownFileType = sourcecode.swift; path = FilterCell.swift; sourceTree = "<group>"; };
		BA2634BE217226EC00BBB226 /* PhotoFilterViewController.swift */ = {isa = PBXFileReference; lastKnownFileType = sourcecode.swift; path = PhotoFilterViewController.swift; sourceTree = "<group>"; };
		BA4CD921216CD63400256B4B /* Base */ = {isa = PBXFileReference; lastKnownFileType = file.storyboard; name = Base; path = LetsEat/Base.lproj/Map.storyboard; sourceTree = "<group>"; };
		BA4CD923216CD6B600256B4B /* Explore.storyboard */ = {isa = PBXFileReference; fileEncoding = 4; lastKnownFileType = file.storyboard; path = Explore.storyboard; sourceTree = "<group>"; };
		BA4CD925216CD70E00256B4B /* Locations.storyboard */ = {isa = PBXFileReference; fileEncoding = 4; lastKnownFileType = file.storyboard; path = Locations.storyboard; sourceTree = "<group>"; };
		BA4CD927216CD76100256B4B /* Restaurants.storyboard */ = {isa = PBXFileReference; fileEncoding = 4; lastKnownFileType = file.storyboard; path = Restaurants.storyboard; sourceTree = "<group>"; };
		BA4CD929216CD7DA00256B4B /* RestaurantDetail.storyboard */ = {isa = PBXFileReference; fileEncoding = 4; lastKnownFileType = file.storyboard; path = RestaurantDetail.storyboard; sourceTree = "<group>"; };
		BA4CD92B216CD80700256B4B /* PhotoFilter.storyboard */ = {isa = PBXFileReference; fileEncoding = 4; lastKnownFileType = file.storyboard; path = PhotoFilter.storyboard; sourceTree = "<group>"; };
		BA4CD92D216CD83A00256B4B /* ReviewForm.storyboard */ = {isa = PBXFileReference; fileEncoding = 4; lastKnownFileType = file.storyboard; path = ReviewForm.storyboard; sourceTree = "<group>"; };
		BA4CD932216CFE3A00256B4B /* ExploreViewController.swift */ = {isa = PBXFileReference; lastKnownFileType = sourcecode.swift; path = ExploreViewController.swift; sourceTree = "<group>"; };
		BA4CD934216D134900256B4B /* ExploreData.plist */ = {isa = PBXFileReference; fileEncoding = 4; lastKnownFileType = text.plist.xml; path = ExploreData.plist; sourceTree = "<group>"; };
		BA4CD936216D13B300256B4B /* ExploreItem.swift */ = {isa = PBXFileReference; lastKnownFileType = sourcecode.swift; path = ExploreItem.swift; sourceTree = "<group>"; };
		BA4CD938216D184000256B4B /* ExploreDataManager.swift */ = {isa = PBXFileReference; lastKnownFileType = sourcecode.swift; path = ExploreDataManager.swift; sourceTree = "<group>"; };
		BA4CD93E216DBD0C00256B4B /* ExploreCell.swift */ = {isa = PBXFileReference; lastKnownFileType = sourcecode.swift; path = ExploreCell.swift; sourceTree = "<group>"; };
		BA4CD940216DCAF900256B4B /* RestaurantViewController.swift */ = {isa = PBXFileReference; lastKnownFileType = sourcecode.swift; path = RestaurantViewController.swift; sourceTree = "<group>"; };
		BA4CD944216E42AE00256B4B /* LocationViewController.swift */ = {isa = PBXFileReference; lastKnownFileType = sourcecode.swift; path = LocationViewController.swift; sourceTree = "<group>"; };
		BA4CD94A216E468B00256B4B /* Locations.plist */ = {isa = PBXFileReference; lastKnownFileType = text.plist.xml; path = Locations.plist; sourceTree = "<group>"; };
		BA4CD94C216E549600256B4B /* LocationDataManager.swift */ = {isa = PBXFileReference; lastKnownFileType = sourcecode.swift; path = LocationDataManager.swift; sourceTree = "<group>"; };
		BA4CD958216E5C1A00256B4B /* RestaurantItem.swift */ = {isa = PBXFileReference; lastKnownFileType = sourcecode.swift; path = RestaurantItem.swift; sourceTree = "<group>"; };
		BA4CD95A216E605900256B4B /* MapDataManager.swift */ = {isa = PBXFileReference; lastKnownFileType = sourcecode.swift; path = MapDataManager.swift; sourceTree = "<group>"; };
		BA4CD95C216E660300256B4B /* DataManager.swift */ = {isa = PBXFileReference; lastKnownFileType = sourcecode.swift; path = DataManager.swift; sourceTree = "<group>"; };
		BA4CD960216E68EB00256B4B /* MapViewController.swift */ = {isa = PBXFileReference; lastKnownFileType = sourcecode.swift; path = MapViewController.swift; sourceTree = "<group>"; };
		BA4CD962216E6CBD00256B4B /* MapLocations.plist */ = {isa = PBXFileReference; fileEncoding = 4; lastKnownFileType = text.plist.xml; path = MapLocations.plist; sourceTree = "<group>"; };
		BA4CD964216F3E2F00256B4B /* Segue.swift */ = {isa = PBXFileReference; lastKnownFileType = sourcecode.swift; path = Segue.swift; sourceTree = "<group>"; };
		BA4CD968216F40DE00256B4B /* RestaurantDetailViewController.swift */ = {isa = PBXFileReference; lastKnownFileType = sourcecode.swift; path = RestaurantDetailViewController.swift; sourceTree = "<group>"; };
		BA4CD96B216F568B00256B4B /* San Antonio.json */ = {isa = PBXFileReference; fileEncoding = 4; lastKnownFileType = text.json; path = "San Antonio.json"; sourceTree = "<group>"; };
		BA4CD96C216F568C00256B4B /* Las Vegas.json */ = {isa = PBXFileReference; fileEncoding = 4; lastKnownFileType = text.json; path = "Las Vegas.json"; sourceTree = "<group>"; };
		BA4CD96D216F568C00256B4B /* San Francisco.json */ = {isa = PBXFileReference; fileEncoding = 4; lastKnownFileType = text.json; path = "San Francisco.json"; sourceTree = "<group>"; };
		BA4CD96E216F568C00256B4B /* Los Angeles.json */ = {isa = PBXFileReference; fileEncoding = 4; lastKnownFileType = text.json; path = "Los Angeles.json"; sourceTree = "<group>"; };
		BA4CD96F216F568C00256B4B /* Aspen.json */ = {isa = PBXFileReference; fileEncoding = 4; lastKnownFileType = text.json; path = Aspen.json; sourceTree = "<group>"; };
		BA4CD970216F568C00256B4B /* Miami.json */ = {isa = PBXFileReference; fileEncoding = 4; lastKnownFileType = text.json; path = Miami.json; sourceTree = "<group>"; };
		BA4CD971216F568C00256B4B /* New York.json */ = {isa = PBXFileReference; fileEncoding = 4; lastKnownFileType = text.json; path = "New York.json"; sourceTree = "<group>"; };
		BA4CD972216F568C00256B4B /* Boston.json */ = {isa = PBXFileReference; fileEncoding = 4; lastKnownFileType = text.json; path = Boston.json; sourceTree = "<group>"; };
		BA4CD973216F568C00256B4B /* Charleston.json */ = {isa = PBXFileReference; fileEncoding = 4; lastKnownFileType = text.json; path = Charleston.json; sourceTree = "<group>"; };
		BA4CD974216F568C00256B4B /* Portland.json */ = {isa = PBXFileReference; fileEncoding = 4; lastKnownFileType = text.json; path = Portland.json; sourceTree = "<group>"; };
		BA4CD975216F568C00256B4B /* Philadelphia.json */ = {isa = PBXFileReference; fileEncoding = 4; lastKnownFileType = text.json; path = Philadelphia.json; sourceTree = "<group>"; };
		BA4CD976216F568D00256B4B /* New Orleans.json */ = {isa = PBXFileReference; fileEncoding = 4; lastKnownFileType = text.json; path = "New Orleans.json"; sourceTree = "<group>"; };
		BA4CD977216F568D00256B4B /* Houston.json */ = {isa = PBXFileReference; fileEncoding = 4; lastKnownFileType = text.json; path = Houston.json; sourceTree = "<group>"; };
		BA4CD978216F568D00256B4B /* Chicago.json */ = {isa = PBXFileReference; fileEncoding = 4; lastKnownFileType = text.json; path = Chicago.json; sourceTree = "<group>"; };
		BA4CD987216F57F500256B4B /* RestaurantAPIManager.swift */ = {isa = PBXFileReference; lastKnownFileType = sourcecode.swift; path = RestaurantAPIManager.swift; sourceTree = "<group>"; };
		BA4CD989216F625700256B4B /* ExploreHeaderView.swift */ = {isa = PBXFileReference; lastKnownFileType = sourcecode.swift; path = ExploreHeaderView.swift; sourceTree = "<group>"; };
		BA4CD98B216F9E7200256B4B /* LocationItem.swift */ = {isa = PBXFileReference; lastKnownFileType = sourcecode.swift; path = LocationItem.swift; sourceTree = "<group>"; };
		BA5BF9AC2171E91000E652AB /* ReviewFormViewController.swift */ = {isa = PBXFileReference; lastKnownFileType = sourcecode.swift; path = ReviewFormViewController.swift; sourceTree = "<group>"; };
		BA5BF9AE2171EF7100E652AB /* FilterData.plist */ = {isa = PBXFileReference; fileEncoding = 4; lastKnownFileType = text.plist.xml; path = FilterData.plist; sourceTree = "<group>"; };
		BA72C5E52167C85E002503B4 /* Assets.xcassets */ = {isa = PBXFileReference; lastKnownFileType = folder.assetcatalog; path = Assets.xcassets; sourceTree = "<group>"; };
		BAA43087216FA8B10095057E /* RestaurantCell.swift */ = {isa = PBXFileReference; lastKnownFileType = sourcecode.swift; path = RestaurantCell.swift; sourceTree = "<group>"; };
		BAA43089216FAAC00095057E /* RestaurantDataManager.swift */ = {isa = PBXFileReference; lastKnownFileType = sourcecode.swift; path = RestaurantDataManager.swift; sourceTree = "<group>"; };
		BAA4308C216FAD220095057E /* NoDataView.swift */ = {isa = PBXFileReference; lastKnownFileType = sourcecode.swift; path = NoDataView.swift; sourceTree = "<group>"; };
		BAA4308E216FAD4C0095057E /* NoDataView.xib */ = {isa = PBXFileReference; lastKnownFileType = file.xib; path = NoDataView.xib; sourceTree = "<group>"; };
		BAA430902170C6CD0095057E /* RatingsView.swift */ = {isa = PBXFileReference; lastKnownFileType = sourcecode.swift; path = RatingsView.swift; sourceTree = "<group>"; };
/* End PBXFileReference section */

/* Begin PBXFrameworksBuildPhase section */
		BA0E0146215FEBC2000C940C /* Frameworks */ = {
			isa = PBXFrameworksBuildPhase;
			buildActionMask = 2147483647;
			files = (
			);
			runOnlyForDeploymentPostprocessing = 0;
		};
/* End PBXFrameworksBuildPhase section */

/* Begin PBXGroup section */
		BA0E0140215FEBC2000C940C = {
			isa = PBXGroup;
			children = (
				BA0E014B215FEBC2000C940C /* LetsEat */,
				BA0E014A215FEBC2000C940C /* Products */,
			);
			sourceTree = "<group>";
		};
		BA0E014A215FEBC2000C940C /* Products */ = {
			isa = PBXGroup;
			children = (
				BA0E0149215FEBC2000C940C /* LetsEat.app */,
			);
			name = Products;
			sourceTree = "<group>";
		};
		BA0E014B215FEBC2000C940C /* LetsEat */ = {
			isa = PBXGroup;
			children = (
				BA4CD94E216E578000256B4B /* Application */,
				BA4CD950216E579800256B4B /* Controllers */,
				BA4CD94F216E578900256B4B /* Misc */,
			);
			path = LetsEat;
			sourceTree = "<group>";
		};
		BA4CD94E216E578000256B4B /* Application */ = {
			isa = PBXGroup;
			children = (
				BA72C5E52167C85E002503B4 /* Assets.xcassets */,
				BA0E014C215FEBC2000C940C /* AppDelegate.swift */,
				BA0E0155215FEBC3000C940C /* LaunchScreen.storyboard */,
				BA0E0150215FEBC2000C940C /* Main.storyboard */,
				BA0E0158215FEBC3000C940C /* Info.plist */,
			);
			path = Application;
			sourceTree = "<group>";
		};
		BA4CD94F216E578900256B4B /* Misc */ = {
			isa = PBXGroup;
			children = (
				BAA4308B216FACFA0095057E /* No Data */,
				BA4CD96A216F566400256B4B /* JSON */,
				BA4CD95C216E660300256B4B /* DataManager.swift */,
				BA4CD964216F3E2F00256B4B /* Segue.swift */,
			);
			path = Misc;
			sourceTree = "<group>";
		};
		BA4CD950216E579800256B4B /* Controllers */ = {
			isa = PBXGroup;
			children = (
				BA4CD957216E588A00256B4B /* Map */,
				BA4CD955216E587700256B4B /* Locations */,
				BA4CD956216E587E00256B4B /* Restaurants */,
				BA4CD954216E586C00256B4B /* Explore */,
				BA4CD953216E586300256B4B /* Review Form */,
				BA4CD952216E585600256B4B /* Restaurant Details */,
				BA4CD951216E583700256B4B /* Photo Filter */,
			);
			path = Controllers;
			sourceTree = "<group>";
		};
		BA4CD951216E583700256B4B /* Photo Filter */ = {
			isa = PBXGroup;
			children = (
				BA5BF9AE2171EF7100E652AB /* FilterData.plist */,
				BA4CD92B216CD80700256B4B /* PhotoFilter.storyboard */,
				BA2634B421721B2200BBB226 /* FilterItem.swift */,
				BA2634B621721BA800BBB226 /* FilterManager.swift */,
				BA2634B821721D6C00BBB226 /* ImageFiltering.swift */,
				BA2634BA217220CB00BBB226 /* PhotoItem.swift */,
				BA2634BC2172249F00BBB226 /* FilterCell.swift */,
				BA2634BE217226EC00BBB226 /* PhotoFilterViewController.swift */,
			);
			path = "Photo Filter";
			sourceTree = "<group>";
		};
		BA4CD952216E585600256B4B /* Restaurant Details */ = {
			isa = PBXGroup;
			children = (
				BA4CD968216F40DE00256B4B /* RestaurantDetailViewController.swift */,
				BA4CD929216CD7DA00256B4B /* RestaurantDetail.storyboard */,
			);
			path = "Restaurant Details";
			sourceTree = "<group>";
		};
		BA4CD953216E586300256B4B /* Review Form */ = {
			isa = PBXGroup;
			children = (
				BA4CD92D216CD83A00256B4B /* ReviewForm.storyboard */,
				BAA430902170C6CD0095057E /* RatingsView.swift */,
				BA5BF9AC2171E91000E652AB /* ReviewFormViewController.swift */,
			);
			path = "Review Form";
			sourceTree = "<group>";
		};
		BA4CD954216E586C00256B4B /* Explore */ = {
			isa = PBXGroup;
			children = (
				BA4CD923216CD6B600256B4B /* Explore.storyboard */,
				BA4CD93E216DBD0C00256B4B /* ExploreCell.swift */,
				BA4CD932216CFE3A00256B4B /* ExploreViewController.swift */,
				BA4CD934216D134900256B4B /* ExploreData.plist */,
				BA4CD938216D184000256B4B /* ExploreDataManager.swift */,
				BA4CD989216F625700256B4B /* ExploreHeaderView.swift */,
			);
			path = Explore;
			sourceTree = "<group>";
		};
		BA4CD955216E587700256B4B /* Locations */ = {
			isa = PBXGroup;
			children = (
				BA4CD944216E42AE00256B4B /* LocationViewController.swift */,
				BA4CD94A216E468B00256B4B /* Locations.plist */,
				BA4CD94C216E549600256B4B /* LocationDataManager.swift */,
				BA4CD925216CD70E00256B4B /* Locations.storyboard */,
				BA4CD98B216F9E7200256B4B /* LocationItem.swift */,
			);
			path = Locations;
			sourceTree = "<group>";
		};
		BA4CD956216E587E00256B4B /* Restaurants */ = {
			isa = PBXGroup;
			children = (
				BAA43089216FAAC00095057E /* RestaurantDataManager.swift */,
				BA4CD927216CD76100256B4B /* Restaurants.storyboard */,
				BA4CD940216DCAF900256B4B /* RestaurantViewController.swift */,
				BA4CD987216F57F500256B4B /* RestaurantAPIManager.swift */,
				BAA43087216FA8B10095057E /* RestaurantCell.swift */,
			);
			path = Restaurants;
			sourceTree = "<group>";
		};
		BA4CD957216E588A00256B4B /* Map */ = {
			isa = PBXGroup;
			children = (
				BA4CD920216CD63400256B4B /* Map.storyboard */,
				BA4CD95A216E605900256B4B /* MapDataManager.swift */,
				BA4CD960216E68EB00256B4B /* MapViewController.swift */,
				BA4CD962216E6CBD00256B4B /* MapLocations.plist */,
				BA4CD958216E5C1A00256B4B /* RestaurantItem.swift */,
				BA4CD936216D13B300256B4B /* ExploreItem.swift */,
			);
			path = Map;
			sourceTree = "<group>";
		};
		BA4CD96A216F566400256B4B /* JSON */ = {
			isa = PBXGroup;
			children = (
				BA4CD96F216F568C00256B4B /* Aspen.json */,
				BA4CD972216F568C00256B4B /* Boston.json */,
				BA4CD973216F568C00256B4B /* Charleston.json */,
				BA4CD978216F568D00256B4B /* Chicago.json */,
				BA4CD977216F568D00256B4B /* Houston.json */,
				BA4CD96C216F568C00256B4B /* Las Vegas.json */,
				BA4CD96E216F568C00256B4B /* Los Angeles.json */,
				BA4CD970216F568C00256B4B /* Miami.json */,
				BA4CD976216F568D00256B4B /* New Orleans.json */,
				BA4CD971216F568C00256B4B /* New York.json */,
				BA4CD975216F568C00256B4B /* Philadelphia.json */,
				BA4CD974216F568C00256B4B /* Portland.json */,
				BA4CD96B216F568B00256B4B /* San Antonio.json */,
				BA4CD96D216F568C00256B4B /* San Francisco.json */,
			);
			path = JSON;
			sourceTree = "<group>";
		};
		BAA4308B216FACFA0095057E /* No Data */ = {
			isa = PBXGroup;
			children = (
				BAA4308C216FAD220095057E /* NoDataView.swift */,
				BAA4308E216FAD4C0095057E /* NoDataView.xib */,
			);
			path = "No Data";
			sourceTree = "<group>";
		};
/* End PBXGroup section */

/* Begin PBXNativeTarget section */
		BA0E0148215FEBC2000C940C /* LetsEat */ = {
			isa = PBXNativeTarget;
			buildConfigurationList = BA0E015B215FEBC3000C940C /* Build configuration list for PBXNativeTarget "LetsEat" */;
			buildPhases = (
				BA0E0145215FEBC2000C940C /* Sources */,
				BA0E0146215FEBC2000C940C /* Frameworks */,
				BA0E0147215FEBC2000C940C /* Resources */,
			);
			buildRules = (
			);
			dependencies = (
			);
			name = LetsEat;
			productName = LetsEat;
			productReference = BA0E0149215FEBC2000C940C /* LetsEat.app */;
			productType = "com.apple.product-type.application";
		};
/* End PBXNativeTarget section */

/* Begin PBXProject section */
		BA0E0141215FEBC2000C940C /* Project object */ = {
			isa = PBXProject;
			attributes = {
				LastSwiftUpdateCheck = 1000;
				LastUpgradeCheck = 1000;
				ORGANIZATIONNAME = shawneeluis;
				TargetAttributes = {
					BA0E0148215FEBC2000C940C = {
						CreatedOnToolsVersion = 10.0;
					};
				};
			};
			buildConfigurationList = BA0E0144215FEBC2000C940C /* Build configuration list for PBXProject "LetsEat" */;
			compatibilityVersion = "Xcode 9.3";
			developmentRegion = en;
			hasScannedForEncodings = 0;
			knownRegions = (
				en,
				Base,
			);
			mainGroup = BA0E0140215FEBC2000C940C;
			productRefGroup = BA0E014A215FEBC2000C940C /* Products */;
			projectDirPath = "";
			projectRoot = "";
			targets = (
				BA0E0148215FEBC2000C940C /* LetsEat */,
			);
		};
/* End PBXProject section */

/* Begin PBXResourcesBuildPhase section */
		BA0E0147215FEBC2000C940C /* Resources */ = {
			isa = PBXResourcesBuildPhase;
			buildActionMask = 2147483647;
			files = (
				BA0E0157215FEBC3000C940C /* LaunchScreen.storyboard in Resources */,
				BA4CD97E216F568D00256B4B /* Miami.json in Resources */,
				BA72C5E62167C85E002503B4 /* Assets.xcassets in Resources */,
				BA4CD963216E6CBD00256B4B /* MapLocations.plist in Resources */,
				BA4CD981216F568D00256B4B /* Charleston.json in Resources */,
				BA4CD97F216F568D00256B4B /* New York.json in Resources */,
				BA4CD985216F568D00256B4B /* Houston.json in Resources */,
				BA4CD92C216CD80700256B4B /* PhotoFilter.storyboard in Resources */,
				BA4CD97B216F568D00256B4B /* San Francisco.json in Resources */,
				BA4CD935216D134A00256B4B /* ExploreData.plist in Resources */,
				BA4CD928216CD76100256B4B /* Restaurants.storyboard in Resources */,
				BA4CD97A216F568D00256B4B /* Las Vegas.json in Resources */,
				BA4CD984216F568D00256B4B /* New Orleans.json in Resources */,
				BAA4308F216FAD4C0095057E /* NoDataView.xib in Resources */,
				BA4CD924216CD6B600256B4B /* Explore.storyboard in Resources */,
				BA0E0152215FEBC2000C940C /* Main.storyboard in Resources */,
				BA4CD922216CD63400256B4B /* Map.storyboard in Resources */,
				BA4CD92A216CD7DA00256B4B /* RestaurantDetail.storyboard in Resources */,
				BA5BF9AF2171EF7100E652AB /* FilterData.plist in Resources */,
				BA4CD979216F568D00256B4B /* San Antonio.json in Resources */,
				BA4CD97D216F568D00256B4B /* Aspen.json in Resources */,
				BA4CD94B216E468B00256B4B /* Locations.plist in Resources */,
				BA4CD986216F568D00256B4B /* Chicago.json in Resources */,
				BA4CD982216F568D00256B4B /* Portland.json in Resources */,
				BA4CD97C216F568D00256B4B /* Los Angeles.json in Resources */,
				BA4CD980216F568D00256B4B /* Boston.json in Resources */,
				BA4CD92E216CD83A00256B4B /* ReviewForm.storyboard in Resources */,
				BA4CD983216F568D00256B4B /* Philadelphia.json in Resources */,
				BA4CD926216CD70E00256B4B /* Locations.storyboard in Resources */,
			);
			runOnlyForDeploymentPostprocessing = 0;
		};
/* End PBXResourcesBuildPhase section */

/* Begin PBXSourcesBuildPhase section */
		BA0E0145215FEBC2000C940C /* Sources */ = {
			isa = PBXSourcesBuildPhase;
			buildActionMask = 2147483647;
			files = (
				BA5BF9AD2171E91000E652AB /* ReviewFormViewController.swift in Sources */,
				BA2634BF217226EC00BBB226 /* PhotoFilterViewController.swift in Sources */,
				BAA43088216FA8B10095057E /* RestaurantCell.swift in Sources */,
				BAA430912170C6CD0095057E /* RatingsView.swift in Sources */,
				BA4CD98C216F9E7200256B4B /* LocationItem.swift in Sources */,
				BA4CD945216E42AE00256B4B /* LocationViewController.swift in Sources */,
				BA2634B921721D6C00BBB226 /* ImageFiltering.swift in Sources */,
				BA4CD93F216DBD0C00256B4B /* ExploreCell.swift in Sources */,
				BA4CD94D216E549600256B4B /* LocationDataManager.swift in Sources */,
				BAA4308D216FAD220095057E /* NoDataView.swift in Sources */,
				BA4CD941216DCAF900256B4B /* RestaurantViewController.swift in Sources */,
				BA4CD965216F3E2F00256B4B /* Segue.swift in Sources */,
				BA4CD98A216F625700256B4B /* ExploreHeaderView.swift in Sources */,
				BA4CD95B216E605900256B4B /* MapDataManager.swift in Sources */,
				BA4CD959216E5C1A00256B4B /* RestaurantItem.swift in Sources */,
				BA4CD933216CFE3A00256B4B /* ExploreViewController.swift in Sources */,
				BA4CD988216F57F500256B4B /* RestaurantAPIManager.swift in Sources */,
				BA2634B521721B2200BBB226 /* FilterItem.swift in Sources */,
				BA2634BB217220CB00BBB226 /* PhotoItem.swift in Sources */,
				BA4CD961216E68EB00256B4B /* MapViewController.swift in Sources */,
				BA0E014D215FEBC2000C940C /* AppDelegate.swift in Sources */,
				BA4CD95D216E660300256B4B /* DataManager.swift in Sources */,
				BAA4308A216FAAC00095057E /* RestaurantDataManager.swift in Sources */,
				BA4CD937216D13B300256B4B /* ExploreItem.swift in Sources */,
				BA4CD969216F40DE00256B4B /* RestaurantDetailViewController.swift in Sources */,
				BA4CD939216D184000256B4B /* ExploreDataManager.swift in Sources */,
				BA2634BD2172249F00BBB226 /* FilterCell.swift in Sources */,
				BA2634B721721BA800BBB226 /* FilterManager.swift in Sources */,
			);
			runOnlyForDeploymentPostprocessing = 0;
		};
/* End PBXSourcesBuildPhase section */

/* Begin PBXVariantGroup section */
		BA0E0150215FEBC2000C940C /* Main.storyboard */ = {
			isa = PBXVariantGroup;
			children = (
				BA0E0151215FEBC2000C940C /* Base */,
			);
			name = Main.storyboard;
			sourceTree = "<group>";
		};
		BA0E0155215FEBC3000C940C /* LaunchScreen.storyboard */ = {
			isa = PBXVariantGroup;
			children = (
				BA0E0156215FEBC3000C940C /* Base */,
			);
			name = LaunchScreen.storyboard;
			sourceTree = "<group>";
		};
		BA4CD920216CD63400256B4B /* Map.storyboard */ = {
			isa = PBXVariantGroup;
			children = (
				BA4CD921216CD63400256B4B /* Base */,
			);
			name = Map.storyboard;
			sourceTree = "<group>";
		};
/* End PBXVariantGroup section */

/* Begin XCBuildConfiguration section */
		BA0E0159215FEBC3000C940C /* Debug */ = {
			isa = XCBuildConfiguration;
			buildSettings = {
				ALWAYS_SEARCH_USER_PATHS = NO;
				CLANG_ANALYZER_NONNULL = YES;
				CLANG_ANALYZER_NUMBER_OBJECT_CONVERSION = YES_AGGRESSIVE;
				CLANG_CXX_LANGUAGE_STANDARD = "gnu++14";
				CLANG_CXX_LIBRARY = "libc++";
				CLANG_ENABLE_MODULES = YES;
				CLANG_ENABLE_OBJC_ARC = YES;
				CLANG_ENABLE_OBJC_WEAK = YES;
				CLANG_WARN_BLOCK_CAPTURE_AUTORELEASING = YES;
				CLANG_WARN_BOOL_CONVERSION = YES;
				CLANG_WARN_COMMA = YES;
				CLANG_WARN_CONSTANT_CONVERSION = YES;
				CLANG_WARN_DEPRECATED_OBJC_IMPLEMENTATIONS = YES;
				CLANG_WARN_DIRECT_OBJC_ISA_USAGE = YES_ERROR;
				CLANG_WARN_DOCUMENTATION_COMMENTS = YES;
				CLANG_WARN_EMPTY_BODY = YES;
				CLANG_WARN_ENUM_CONVERSION = YES;
				CLANG_WARN_INFINITE_RECURSION = YES;
				CLANG_WARN_INT_CONVERSION = YES;
				CLANG_WARN_NON_LITERAL_NULL_CONVERSION = YES;
				CLANG_WARN_OBJC_IMPLICIT_RETAIN_SELF = YES;
				CLANG_WARN_OBJC_LITERAL_CONVERSION = YES;
				CLANG_WARN_OBJC_ROOT_CLASS = YES_ERROR;
				CLANG_WARN_RANGE_LOOP_ANALYSIS = YES;
				CLANG_WARN_STRICT_PROTOTYPES = YES;
				CLANG_WARN_SUSPICIOUS_MOVE = YES;
				CLANG_WARN_UNGUARDED_AVAILABILITY = YES_AGGRESSIVE;
				CLANG_WARN_UNREACHABLE_CODE = YES;
				CLANG_WARN__DUPLICATE_METHOD_MATCH = YES;
				CODE_SIGN_IDENTITY = "iPhone Developer";
				COPY_PHASE_STRIP = NO;
				DEBUG_INFORMATION_FORMAT = dwarf;
				ENABLE_STRICT_OBJC_MSGSEND = YES;
				ENABLE_TESTABILITY = YES;
				GCC_C_LANGUAGE_STANDARD = gnu11;
				GCC_DYNAMIC_NO_PIC = NO;
				GCC_NO_COMMON_BLOCKS = YES;
				GCC_OPTIMIZATION_LEVEL = 0;
				GCC_PREPROCESSOR_DEFINITIONS = (
					"DEBUG=1",
					"$(inherited)",
				);
				GCC_WARN_64_TO_32_BIT_CONVERSION = YES;
				GCC_WARN_ABOUT_RETURN_TYPE = YES_ERROR;
				GCC_WARN_UNDECLARED_SELECTOR = YES;
				GCC_WARN_UNINITIALIZED_AUTOS = YES_AGGRESSIVE;
				GCC_WARN_UNUSED_FUNCTION = YES;
				GCC_WARN_UNUSED_VARIABLE = YES;
				IPHONEOS_DEPLOYMENT_TARGET = 12.0;
				MTL_ENABLE_DEBUG_INFO = INCLUDE_SOURCE;
				MTL_FAST_MATH = YES;
				ONLY_ACTIVE_ARCH = YES;
				SDKROOT = iphoneos;
				SWIFT_ACTIVE_COMPILATION_CONDITIONS = DEBUG;
				SWIFT_OPTIMIZATION_LEVEL = "-Onone";
			};
			name = Debug;
		};
		BA0E015A215FEBC3000C940C /* Release */ = {
			isa = XCBuildConfiguration;
			buildSettings = {
				ALWAYS_SEARCH_USER_PATHS = NO;
				CLANG_ANALYZER_NONNULL = YES;
				CLANG_ANALYZER_NUMBER_OBJECT_CONVERSION = YES_AGGRESSIVE;
				CLANG_CXX_LANGUAGE_STANDARD = "gnu++14";
				CLANG_CXX_LIBRARY = "libc++";
				CLANG_ENABLE_MODULES = YES;
				CLANG_ENABLE_OBJC_ARC = YES;
				CLANG_ENABLE_OBJC_WEAK = YES;
				CLANG_WARN_BLOCK_CAPTURE_AUTORELEASING = YES;
				CLANG_WARN_BOOL_CONVERSION = YES;
				CLANG_WARN_COMMA = YES;
				CLANG_WARN_CONSTANT_CONVERSION = YES;
				CLANG_WARN_DEPRECATED_OBJC_IMPLEMENTATIONS = YES;
				CLANG_WARN_DIRECT_OBJC_ISA_USAGE = YES_ERROR;
				CLANG_WARN_DOCUMENTATION_COMMENTS = YES;
				CLANG_WARN_EMPTY_BODY = YES;
				CLANG_WARN_ENUM_CONVERSION = YES;
				CLANG_WARN_INFINITE_RECURSION = YES;
				CLANG_WARN_INT_CONVERSION = YES;
				CLANG_WARN_NON_LITERAL_NULL_CONVERSION = YES;
				CLANG_WARN_OBJC_IMPLICIT_RETAIN_SELF = YES;
				CLANG_WARN_OBJC_LITERAL_CONVERSION = YES;
				CLANG_WARN_OBJC_ROOT_CLASS = YES_ERROR;
				CLANG_WARN_RANGE_LOOP_ANALYSIS = YES;
				CLANG_WARN_STRICT_PROTOTYPES = YES;
				CLANG_WARN_SUSPICIOUS_MOVE = YES;
				CLANG_WARN_UNGUARDED_AVAILABILITY = YES_AGGRESSIVE;
				CLANG_WARN_UNREACHABLE_CODE = YES;
				CLANG_WARN__DUPLICATE_METHOD_MATCH = YES;
				CODE_SIGN_IDENTITY = "iPhone Developer";
				COPY_PHASE_STRIP = NO;
				DEBUG_INFORMATION_FORMAT = "dwarf-with-dsym";
				ENABLE_NS_ASSERTIONS = NO;
				ENABLE_STRICT_OBJC_MSGSEND = YES;
				GCC_C_LANGUAGE_STANDARD = gnu11;
				GCC_NO_COMMON_BLOCKS = YES;
				GCC_WARN_64_TO_32_BIT_CONVERSION = YES;
				GCC_WARN_ABOUT_RETURN_TYPE = YES_ERROR;
				GCC_WARN_UNDECLARED_SELECTOR = YES;
				GCC_WARN_UNINITIALIZED_AUTOS = YES_AGGRESSIVE;
				GCC_WARN_UNUSED_FUNCTION = YES;
				GCC_WARN_UNUSED_VARIABLE = YES;
				IPHONEOS_DEPLOYMENT_TARGET = 12.0;
				MTL_ENABLE_DEBUG_INFO = NO;
				MTL_FAST_MATH = YES;
				SDKROOT = iphoneos;
				SWIFT_COMPILATION_MODE = wholemodule;
				SWIFT_OPTIMIZATION_LEVEL = "-O";
				VALIDATE_PRODUCT = YES;
			};
			name = Release;
		};
		BA0E015C215FEBC3000C940C /* Debug */ = {
			isa = XCBuildConfiguration;
			buildSettings = {
				ASSETCATALOG_COMPILER_APPICON_NAME = AppIcon;
				CODE_SIGN_STYLE = Automatic;
				DEVELOPMENT_TEAM = 5NXJN85D32;
				INFOPLIST_FILE = "$(SRCROOT)/LetsEat/Application/Info.plist";
				LD_RUNPATH_SEARCH_PATHS = (
					"$(inherited)",
					"@executable_path/Frameworks",
				);
				PRODUCT_BUNDLE_IDENTIFIER = org.shawnee.luis.LetsEat;
				PRODUCT_NAME = "$(TARGET_NAME)";
				SWIFT_VERSION = 4.2;
				TARGETED_DEVICE_FAMILY = "1,2";
			};
			name = Debug;
		};
		BA0E015D215FEBC3000C940C /* Release */ = {
			isa = XCBuildConfiguration;
			buildSettings = {
				ASSETCATALOG_COMPILER_APPICON_NAME = AppIcon;
				CODE_SIGN_STYLE = Automatic;
				DEVELOPMENT_TEAM = 5NXJN85D32;
				INFOPLIST_FILE = "$(SRCROOT)/LetsEat/Application/Info.plist";
				LD_RUNPATH_SEARCH_PATHS = (
					"$(inherited)",
					"@executable_path/Frameworks",
				);
				PRODUCT_BUNDLE_IDENTIFIER = org.shawnee.luis.LetsEat;
				PRODUCT_NAME = "$(TARGET_NAME)";
				SWIFT_VERSION = 4.2;
				TARGETED_DEVICE_FAMILY = "1,2";
			};
			name = Release;
		};
/* End XCBuildConfiguration section */

/* Begin XCConfigurationList section */
		BA0E0144215FEBC2000C940C /* Build configuration list for PBXProject "LetsEat" */ = {
			isa = XCConfigurationList;
			buildConfigurations = (
				BA0E0159215FEBC3000C940C /* Debug */,
				BA0E015A215FEBC3000C940C /* Release */,
			);
			defaultConfigurationIsVisible = 0;
			defaultConfigurationName = Release;
		};
		BA0E015B215FEBC3000C940C /* Build configuration list for PBXNativeTarget "LetsEat" */ = {
			isa = XCConfigurationList;
			buildConfigurations = (
				BA0E015C215FEBC3000C940C /* Debug */,
				BA0E015D215FEBC3000C940C /* Release */,
			);
			defaultConfigurationIsVisible = 0;
			defaultConfigurationName = Release;
		};
/* End XCConfigurationList section */
	};
	rootObject = BA0E0141215FEBC2000C940C /* Project object */;
}
